PODS:
  - Alamofire (4.5.1)
  - ESPullToRefresh (2.7)
  - IQKeyboardManagerSwift (5.0.4)
  - NVActivityIndicatorView (4.0.0):
    - NVActivityIndicatorView/Presenter (= 4.0.0)
  - NVActivityIndicatorView/Presenter (4.0.0)
  - SideMenu (3.1.1)
  - SwiftyJSON (3.1.4)
  - UIEmptyState (2.0.1)
  - UIScrollView-InfiniteScroll (1.0.2)

DEPENDENCIES:
  - Alamofire (~> 4.5)
  - ESPullToRefresh
  - IQKeyboardManagerSwift
  - NVActivityIndicatorView
  - SideMenu
  - SwiftyJSON
  - UIEmptyState
  - UIScrollView-InfiniteScroll (~> 1.0.0)

SPEC CHECKSUMS:
  Alamofire: 2d95912bf4c34f164fdfc335872e8c312acaea4a
  ESPullToRefresh: 119e2710b82b75536aab2bbe4883ba119fca35c8
  IQKeyboardManagerSwift: a0592bb636b10a9a1cf75d2b2c61144226226c84
  NVActivityIndicatorView: 54c9b93b6f25a4f467512680c0c90c09a1095cf2
  SideMenu: 1bf32e90afaa2dc0e0ab68e938a0ff85014c4217
  SwiftyJSON: c2842d878f95482ffceec5709abc3d05680c0220
  UIEmptyState: c81a01c7db028bfe2baa770a5930203d38afc802
  UIScrollView-InfiniteScroll: c132d6d5851daff229ab4a1060ccf70a05a051c9

PODFILE CHECKSUM: 69d023e7b2761ba8d363e7ac0bb82960d50b7b4a

COCOAPODS: 1.3.1
