// !$*UTF8*$!
{
	archiveVersion = 1;
	classes = {
	};
	objectVersion = 48;
	objects = {

/* Begin PBXBuildFile section */
		6C3E51889D6598C40633DC44 /* Pods_LSFManagerTests.framework in Frameworks */ = {isa = PBXBuildFile; fileRef = E7D32606019FDE23C7B1B387 /* Pods_LSFManagerTests.framework */; };
		740D35C5202DD3A30097981F /* EventDetailsViewController.swift in Sources */ = {isa = PBXBuildFile; fileRef = 740D35C4202DD3A30097981F /* EventDetailsViewController.swift */; };
		740D35C7202DE6830097981F /* ProfessorDetailsViewController.swift in Sources */ = {isa = PBXBuildFile; fileRef = 740D35C6202DE6830097981F /* ProfessorDetailsViewController.swift */; };
		740D35C9202DF52F0097981F /* AppointmentCell.xib in Resources */ = {isa = PBXBuildFile; fileRef = 740D35C8202DF52F0097981F /* AppointmentCell.xib */; };
		740D35CB202DF53D0097981F /* AppointmentCell.swift in Sources */ = {isa = PBXBuildFile; fileRef = 740D35CA202DF53D0097981F /* AppointmentCell.swift */; };
		740D35CD2033655B0097981F /* ScheduleInterval.swift in Sources */ = {isa = PBXBuildFile; fileRef = 740D35CC2033655A0097981F /* ScheduleInterval.swift */; };
		740D35CE2033BBB10097981F /* ScheduleInterval.swift in Sources */ = {isa = PBXBuildFile; fileRef = 740D35CC2033655A0097981F /* ScheduleInterval.swift */; };
		74197DD2202A868D0061767F /* LoginViewController.swift in Sources */ = {isa = PBXBuildFile; fileRef = 74197DD1202A868D0061767F /* LoginViewController.swift */; };
		74197DD4202A94020061767F /* Constants.swift in Sources */ = {isa = PBXBuildFile; fileRef = 74197DD3202A94020061767F /* Constants.swift */; };
		74197DD6202A9BAD0061767F /* ScheduleOverview.xib in Resources */ = {isa = PBXBuildFile; fileRef = 74197DD5202A9BAD0061767F /* ScheduleOverview.xib */; };
		74197DDA202AA4A30061767F /* ScheduleOverview.swift in Sources */ = {isa = PBXBuildFile; fileRef = 74197DD9202AA4A30061767F /* ScheduleOverview.swift */; };
		74197DDC202AA6770061767F /* Extensions.swift in Sources */ = {isa = PBXBuildFile; fileRef = 74197DDB202AA6770061767F /* Extensions.swift */; };
		74197DDE202B027F0061767F /* SearchViewController.swift in Sources */ = {isa = PBXBuildFile; fileRef = 74197DDD202B027F0061767F /* SearchViewController.swift */; };
		74197DE0202B0FC90061767F /* LPAListViewController.swift in Sources */ = {isa = PBXBuildFile; fileRef = 74197DDF202B0FC90061767F /* LPAListViewController.swift */; };
		74197DE1202B3E2F0061767F /* Constants.swift in Sources */ = {isa = PBXBuildFile; fileRef = 74197DD3202A94020061767F /* Constants.swift */; };
		74197DE3202C68E60061767F /* MenuTableViewController.swift in Sources */ = {isa = PBXBuildFile; fileRef = 74197DE2202C68E60061767F /* MenuTableViewController.swift */; };
		74197DE5202C857D0061767F /* QRCodeViewController.swift in Sources */ = {isa = PBXBuildFile; fileRef = 74197DE4202C857D0061767F /* QRCodeViewController.swift */; };
		74197DE9202C87160061767F /* MenuItemCell.xib in Resources */ = {isa = PBXBuildFile; fileRef = 74197DE8202C87160061767F /* MenuItemCell.xib */; };
		74197DEB202C877F0061767F /* MenuItemCell.swift in Sources */ = {isa = PBXBuildFile; fileRef = 74197DEA202C877F0061767F /* MenuItemCell.swift */; };
		74197DED202CEF340061767F /* SettingsViewController.swift in Sources */ = {isa = PBXBuildFile; fileRef = 74197DEC202CEF340061767F /* SettingsViewController.swift */; };
		74197DEF202CFF810061767F /* ProfessorCell.xib in Resources */ = {isa = PBXBuildFile; fileRef = 74197DEE202CFF810061767F /* ProfessorCell.xib */; };
		74197DF1202CFF930061767F /* ProfessorCell.swift in Sources */ = {isa = PBXBuildFile; fileRef = 74197DF0202CFF930061767F /* ProfessorCell.swift */; };
		743378C51FEAB1BD0077DD01 /* APIManager.swift in Sources */ = {isa = PBXBuildFile; fileRef = 743378C41FEAB1BD0077DD01 /* APIManager.swift */; };
		743378C61FEAB1BD0077DD01 /* APIManager.swift in Sources */ = {isa = PBXBuildFile; fileRef = 743378C41FEAB1BD0077DD01 /* APIManager.swift */; };
		743378C91FEAB2710077DD01 /* User.swift in Sources */ = {isa = PBXBuildFile; fileRef = 743378C81FEAB2710077DD01 /* User.swift */; };
		743378CA1FEAB2710077DD01 /* User.swift in Sources */ = {isa = PBXBuildFile; fileRef = 743378C81FEAB2710077DD01 /* User.swift */; };
		743378D11FEAB4E30077DD01 /* SettingsManager.swift in Sources */ = {isa = PBXBuildFile; fileRef = 743378D01FEAB4E30077DD01 /* SettingsManager.swift */; };
		743378D21FEAB4E30077DD01 /* SettingsManager.swift in Sources */ = {isa = PBXBuildFile; fileRef = 743378D01FEAB4E30077DD01 /* SettingsManager.swift */; };
		747AE8FA1FD99936001E6A14 /* AppDelegate.swift in Sources */ = {isa = PBXBuildFile; fileRef = 747AE8F91FD99936001E6A14 /* AppDelegate.swift */; };
		747AE8FC1FD99936001E6A14 /* ViewController.swift in Sources */ = {isa = PBXBuildFile; fileRef = 747AE8FB1FD99936001E6A14 /* ViewController.swift */; };
		747AE8FF1FD99936001E6A14 /* Main.storyboard in Resources */ = {isa = PBXBuildFile; fileRef = 747AE8FD1FD99936001E6A14 /* Main.storyboard */; };
		747AE9021FD99936001E6A14 /* LSFManager.xcdatamodeld in Sources */ = {isa = PBXBuildFile; fileRef = 747AE9001FD99936001E6A14 /* LSFManager.xcdatamodeld */; };
		747AE9041FD99936001E6A14 /* Assets.xcassets in Resources */ = {isa = PBXBuildFile; fileRef = 747AE9031FD99936001E6A14 /* Assets.xcassets */; };
		747AE9071FD99936001E6A14 /* LaunchScreen.storyboard in Resources */ = {isa = PBXBuildFile; fileRef = 747AE9051FD99936001E6A14 /* LaunchScreen.storyboard */; };
		747AE9121FD99936001E6A14 /* LSFManagerTests.swift in Sources */ = {isa = PBXBuildFile; fileRef = 747AE9111FD99936001E6A14 /* LSFManagerTests.swift */; };
		749D3B5F204D34680028F041 /* Helpers.swift in Sources */ = {isa = PBXBuildFile; fileRef = 749D3B5E204D34680028F041 /* Helpers.swift */; };
		749D3B6220503AB20028F041 /* Enums.swift in Sources */ = {isa = PBXBuildFile; fileRef = 749D3B6120503AB20028F041 /* Enums.swift */; };
		749D3B6320503B0F0028F041 /* Enums.swift in Sources */ = {isa = PBXBuildFile; fileRef = 749D3B6120503AB20028F041 /* Enums.swift */; };
		749D3B65205323AE0028F041 /* TimedAppointmentCell.xib in Resources */ = {isa = PBXBuildFile; fileRef = 749D3B64205323AD0028F041 /* TimedAppointmentCell.xib */; };
		749D3B67205323D20028F041 /* TimedAppointmentCell.swift in Sources */ = {isa = PBXBuildFile; fileRef = 749D3B66205323D20028F041 /* TimedAppointmentCell.swift */; };
		749D3B6920562F2B0028F041 /* AboutViewController.swift in Sources */ = {isa = PBXBuildFile; fileRef = 749D3B6820562F2B0028F041 /* AboutViewController.swift */; };
		74E5DB9B2019BB7F00A5B769 /* EventCell.xib in Resources */ = {isa = PBXBuildFile; fileRef = 74E5DB9A2019BB7F00A5B769 /* EventCell.xib */; };
		74E5DB9D2019BEBB00A5B769 /* EventCell.swift in Sources */ = {isa = PBXBuildFile; fileRef = 74E5DB9C2019BEBB00A5B769 /* EventCell.swift */; };
		74E5DB9F201A0A1D00A5B769 /* Appointment.swift in Sources */ = {isa = PBXBuildFile; fileRef = 74E5DB9E201A0A1D00A5B769 /* Appointment.swift */; };
		74E5DBA0201A117700A5B769 /* Appointment.swift in Sources */ = {isa = PBXBuildFile; fileRef = 74E5DB9E201A0A1D00A5B769 /* Appointment.swift */; };
		74EB3CB31FEAB80100129AEE /* Event.swift in Sources */ = {isa = PBXBuildFile; fileRef = 74EB3CB21FEAB80100129AEE /* Event.swift */; };
		74EB3CB41FEAB80300129AEE /* Event.swift in Sources */ = {isa = PBXBuildFile; fileRef = 74EB3CB21FEAB80100129AEE /* Event.swift */; };
		74EB3CB81FEABC5900129AEE /* APIManagerTests.swift in Sources */ = {isa = PBXBuildFile; fileRef = 74EB3CB71FEABC5900129AEE /* APIManagerTests.swift */; };
		74EB3CBA1FEABD0400129AEE /* CustomError.swift in Sources */ = {isa = PBXBuildFile; fileRef = 74EB3CB91FEABD0400129AEE /* CustomError.swift */; };
		74EB3CBB1FEABD0400129AEE /* CustomError.swift in Sources */ = {isa = PBXBuildFile; fileRef = 74EB3CB91FEABD0400129AEE /* CustomError.swift */; };
		FB06EFF34ED936824BC16AEE /* Pods_LSFManager.framework in Frameworks */ = {isa = PBXBuildFile; fileRef = 1641217517568BE3FF4C529C /* Pods_LSFManager.framework */; };
/* End PBXBuildFile section */

/* Begin PBXContainerItemProxy section */
		747AE90E1FD99936001E6A14 /* PBXContainerItemProxy */ = {
			isa = PBXContainerItemProxy;
			containerPortal = 747AE8EE1FD99935001E6A14 /* Project object */;
			proxyType = 1;
			remoteGlobalIDString = 747AE8F51FD99936001E6A14;
			remoteInfo = LSFManager;
		};
/* End PBXContainerItemProxy section */

/* Begin PBXFileReference section */
		1405FF73DCFBB985977C2608 /* Pods-LSFManagerTests.debug.xcconfig */ = {isa = PBXFileReference; includeInIndex = 1; lastKnownFileType = text.xcconfig; name = "Pods-LSFManagerTests.debug.xcconfig"; path = "Pods/Target Support Files/Pods-LSFManagerTests/Pods-LSFManagerTests.debug.xcconfig"; sourceTree = "<group>"; };
		1641217517568BE3FF4C529C /* Pods_LSFManager.framework */ = {isa = PBXFileReference; explicitFileType = wrapper.framework; includeInIndex = 0; path = Pods_LSFManager.framework; sourceTree = BUILT_PRODUCTS_DIR; };
		5BD3F7F5AE6CAC703AE6E297 /* Pods-LSFManagerTests.release.xcconfig */ = {isa = PBXFileReference; includeInIndex = 1; lastKnownFileType = text.xcconfig; name = "Pods-LSFManagerTests.release.xcconfig"; path = "Pods/Target Support Files/Pods-LSFManagerTests/Pods-LSFManagerTests.release.xcconfig"; sourceTree = "<group>"; };
		740D35C4202DD3A30097981F /* EventDetailsViewController.swift */ = {isa = PBXFileReference; lastKnownFileType = sourcecode.swift; path = EventDetailsViewController.swift; sourceTree = "<group>"; };
		740D35C6202DE6830097981F /* ProfessorDetailsViewController.swift */ = {isa = PBXFileReference; lastKnownFileType = sourcecode.swift; path = ProfessorDetailsViewController.swift; sourceTree = "<group>"; };
		740D35C8202DF52F0097981F /* AppointmentCell.xib */ = {isa = PBXFileReference; lastKnownFileType = file.xib; path = AppointmentCell.xib; sourceTree = "<group>"; };
		740D35CA202DF53D0097981F /* AppointmentCell.swift */ = {isa = PBXFileReference; lastKnownFileType = sourcecode.swift; path = AppointmentCell.swift; sourceTree = "<group>"; };
		740D35CC2033655A0097981F /* ScheduleInterval.swift */ = {isa = PBXFileReference; lastKnownFileType = sourcecode.swift; path = ScheduleInterval.swift; sourceTree = "<group>"; };
		74197DD1202A868D0061767F /* LoginViewController.swift */ = {isa = PBXFileReference; lastKnownFileType = sourcecode.swift; path = LoginViewController.swift; sourceTree = "<group>"; };
		74197DD3202A94020061767F /* Constants.swift */ = {isa = PBXFileReference; lastKnownFileType = sourcecode.swift; path = Constants.swift; sourceTree = "<group>"; };
		74197DD5202A9BAD0061767F /* ScheduleOverview.xib */ = {isa = PBXFileReference; lastKnownFileType = file.xib; path = ScheduleOverview.xib; sourceTree = "<group>"; };
		74197DD9202AA4A30061767F /* ScheduleOverview.swift */ = {isa = PBXFileReference; lastKnownFileType = sourcecode.swift; path = ScheduleOverview.swift; sourceTree = "<group>"; };
		74197DDB202AA6770061767F /* Extensions.swift */ = {isa = PBXFileReference; lastKnownFileType = sourcecode.swift; path = Extensions.swift; sourceTree = "<group>"; };
		74197DDD202B027F0061767F /* SearchViewController.swift */ = {isa = PBXFileReference; lastKnownFileType = sourcecode.swift; path = SearchViewController.swift; sourceTree = "<group>"; };
		74197DDF202B0FC90061767F /* LPAListViewController.swift */ = {isa = PBXFileReference; lastKnownFileType = sourcecode.swift; path = LPAListViewController.swift; sourceTree = "<group>"; };
		74197DE2202C68E60061767F /* MenuTableViewController.swift */ = {isa = PBXFileReference; lastKnownFileType = sourcecode.swift; path = MenuTableViewController.swift; sourceTree = "<group>"; };
		74197DE4202C857D0061767F /* QRCodeViewController.swift */ = {isa = PBXFileReference; lastKnownFileType = sourcecode.swift; path = QRCodeViewController.swift; sourceTree = "<group>"; };
		74197DE8202C87160061767F /* MenuItemCell.xib */ = {isa = PBXFileReference; lastKnownFileType = file.xib; path = MenuItemCell.xib; sourceTree = "<group>"; };
		74197DEA202C877F0061767F /* MenuItemCell.swift */ = {isa = PBXFileReference; lastKnownFileType = sourcecode.swift; path = MenuItemCell.swift; sourceTree = "<group>"; };
		74197DEC202CEF340061767F /* SettingsViewController.swift */ = {isa = PBXFileReference; lastKnownFileType = sourcecode.swift; path = SettingsViewController.swift; sourceTree = "<group>"; };
		74197DEE202CFF810061767F /* ProfessorCell.xib */ = {isa = PBXFileReference; lastKnownFileType = file.xib; path = ProfessorCell.xib; sourceTree = "<group>"; };
		74197DF0202CFF930061767F /* ProfessorCell.swift */ = {isa = PBXFileReference; lastKnownFileType = sourcecode.swift; path = ProfessorCell.swift; sourceTree = "<group>"; };
		743378C41FEAB1BD0077DD01 /* APIManager.swift */ = {isa = PBXFileReference; lastKnownFileType = sourcecode.swift; path = APIManager.swift; sourceTree = "<group>"; };
		743378C81FEAB2710077DD01 /* User.swift */ = {isa = PBXFileReference; lastKnownFileType = sourcecode.swift; path = User.swift; sourceTree = "<group>"; };
		743378D01FEAB4E30077DD01 /* SettingsManager.swift */ = {isa = PBXFileReference; lastKnownFileType = sourcecode.swift; path = SettingsManager.swift; sourceTree = "<group>"; };
		747AE8F61FD99936001E6A14 /* LSFManager.app */ = {isa = PBXFileReference; explicitFileType = wrapper.application; includeInIndex = 0; path = LSFManager.app; sourceTree = BUILT_PRODUCTS_DIR; };
		747AE8F91FD99936001E6A14 /* AppDelegate.swift */ = {isa = PBXFileReference; lastKnownFileType = sourcecode.swift; path = AppDelegate.swift; sourceTree = "<group>"; };
		747AE8FB1FD99936001E6A14 /* ViewController.swift */ = {isa = PBXFileReference; lastKnownFileType = sourcecode.swift; path = ViewController.swift; sourceTree = "<group>"; };
		747AE8FE1FD99936001E6A14 /* Base */ = {isa = PBXFileReference; lastKnownFileType = file.storyboard; name = Base; path = Base.lproj/Main.storyboard; sourceTree = "<group>"; };
		747AE9011FD99936001E6A14 /* LSFManager.xcdatamodel */ = {isa = PBXFileReference; lastKnownFileType = wrapper.xcdatamodel; path = LSFManager.xcdatamodel; sourceTree = "<group>"; };
		747AE9031FD99936001E6A14 /* Assets.xcassets */ = {isa = PBXFileReference; lastKnownFileType = folder.assetcatalog; path = Assets.xcassets; sourceTree = "<group>"; };
		747AE9061FD99936001E6A14 /* Base */ = {isa = PBXFileReference; lastKnownFileType = file.storyboard; name = Base; path = Base.lproj/LaunchScreen.storyboard; sourceTree = "<group>"; };
		747AE9081FD99936001E6A14 /* Info.plist */ = {isa = PBXFileReference; lastKnownFileType = text.plist.xml; path = Info.plist; sourceTree = "<group>"; };
		747AE90D1FD99936001E6A14 /* LSFManagerTests.xctest */ = {isa = PBXFileReference; explicitFileType = wrapper.cfbundle; includeInIndex = 0; path = LSFManagerTests.xctest; sourceTree = BUILT_PRODUCTS_DIR; };
		747AE9111FD99936001E6A14 /* LSFManagerTests.swift */ = {isa = PBXFileReference; lastKnownFileType = sourcecode.swift; path = LSFManagerTests.swift; sourceTree = "<group>"; };
		747AE9131FD99936001E6A14 /* Info.plist */ = {isa = PBXFileReference; lastKnownFileType = text.plist.xml; path = Info.plist; sourceTree = "<group>"; };
		749D3B5E204D34680028F041 /* Helpers.swift */ = {isa = PBXFileReference; lastKnownFileType = sourcecode.swift; path = Helpers.swift; sourceTree = "<group>"; };
		749D3B6120503AB20028F041 /* Enums.swift */ = {isa = PBXFileReference; lastKnownFileType = sourcecode.swift; path = Enums.swift; sourceTree = "<group>"; };
		749D3B64205323AD0028F041 /* TimedAppointmentCell.xib */ = {isa = PBXFileReference; lastKnownFileType = file.xib; path = TimedAppointmentCell.xib; sourceTree = "<group>"; };
		749D3B66205323D20028F041 /* TimedAppointmentCell.swift */ = {isa = PBXFileReference; lastKnownFileType = sourcecode.swift; path = TimedAppointmentCell.swift; sourceTree = "<group>"; };
		749D3B6820562F2B0028F041 /* AboutViewController.swift */ = {isa = PBXFileReference; lastKnownFileType = sourcecode.swift; path = AboutViewController.swift; sourceTree = "<group>"; };
		74E5DB9A2019BB7F00A5B769 /* EventCell.xib */ = {isa = PBXFileReference; lastKnownFileType = file.xib; path = EventCell.xib; sourceTree = "<group>"; };
		74E5DB9C2019BEBB00A5B769 /* EventCell.swift */ = {isa = PBXFileReference; lastKnownFileType = sourcecode.swift; path = EventCell.swift; sourceTree = "<group>"; };
		74E5DB9E201A0A1D00A5B769 /* Appointment.swift */ = {isa = PBXFileReference; lastKnownFileType = sourcecode.swift; path = Appointment.swift; sourceTree = "<group>"; };
		74EB3CB21FEAB80100129AEE /* Event.swift */ = {isa = PBXFileReference; lastKnownFileType = sourcecode.swift; path = Event.swift; sourceTree = "<group>"; };
		74EB3CB71FEABC5900129AEE /* APIManagerTests.swift */ = {isa = PBXFileReference; lastKnownFileType = sourcecode.swift; path = APIManagerTests.swift; sourceTree = "<group>"; };
		74EB3CB91FEABD0400129AEE /* CustomError.swift */ = {isa = PBXFileReference; lastKnownFileType = sourcecode.swift; path = CustomError.swift; sourceTree = "<group>"; };
		97F77FAA3ECE7763B30B4110 /* Pods-LSFManager.release.xcconfig */ = {isa = PBXFileReference; includeInIndex = 1; lastKnownFileType = text.xcconfig; name = "Pods-LSFManager.release.xcconfig"; path = "Pods/Target Support Files/Pods-LSFManager/Pods-LSFManager.release.xcconfig"; sourceTree = "<group>"; };
		D2FCB95EBEC0014DD56D2C66 /* Pods-LSFManager.debug.xcconfig */ = {isa = PBXFileReference; includeInIndex = 1; lastKnownFileType = text.xcconfig; name = "Pods-LSFManager.debug.xcconfig"; path = "Pods/Target Support Files/Pods-LSFManager/Pods-LSFManager.debug.xcconfig"; sourceTree = "<group>"; };
		E7D32606019FDE23C7B1B387 /* Pods_LSFManagerTests.framework */ = {isa = PBXFileReference; explicitFileType = wrapper.framework; includeInIndex = 0; path = Pods_LSFManagerTests.framework; sourceTree = BUILT_PRODUCTS_DIR; };
/* End PBXFileReference section */

/* Begin PBXFrameworksBuildPhase section */
		747AE8F31FD99936001E6A14 /* Frameworks */ = {
			isa = PBXFrameworksBuildPhase;
			buildActionMask = 2147483647;
			files = (
				FB06EFF34ED936824BC16AEE /* Pods_LSFManager.framework in Frameworks */,
			);
			runOnlyForDeploymentPostprocessing = 0;
		};
		747AE90A1FD99936001E6A14 /* Frameworks */ = {
			isa = PBXFrameworksBuildPhase;
			buildActionMask = 2147483647;
			files = (
				6C3E51889D6598C40633DC44 /* Pods_LSFManagerTests.framework in Frameworks */,
			);
			runOnlyForDeploymentPostprocessing = 0;
		};
/* End PBXFrameworksBuildPhase section */

/* Begin PBXGroup section */
		743378C71FEAB24C0077DD01 /* Models */ = {
			isa = PBXGroup;
			children = (
				74EB3CB91FEABD0400129AEE /* CustomError.swift */,
				743378C81FEAB2710077DD01 /* User.swift */,
				74EB3CB21FEAB80100129AEE /* Event.swift */,
				74E5DB9E201A0A1D00A5B769 /* Appointment.swift */,
				740D35CC2033655A0097981F /* ScheduleInterval.swift */,
			);
			path = Models;
			sourceTree = "<group>";
		};
		743378CF1FEAB4CA0077DD01 /* Managers */ = {
			isa = PBXGroup;
			children = (
				743378C41FEAB1BD0077DD01 /* APIManager.swift */,
				743378D01FEAB4E30077DD01 /* SettingsManager.swift */,
			);
			path = Managers;
			sourceTree = "<group>";
		};
		747AE8ED1FD99935001E6A14 = {
			isa = PBXGroup;
			children = (
				747AE8F81FD99936001E6A14 /* LSFManager */,
				747AE9101FD99936001E6A14 /* LSFManagerTests */,
				747AE8F71FD99936001E6A14 /* Products */,
				EA8077C7729983165A5AD09E /* Pods */,
				80747259DCC58CEC0843DA6A /* Frameworks */,
			);
			sourceTree = "<group>";
		};
		747AE8F71FD99936001E6A14 /* Products */ = {
			isa = PBXGroup;
			children = (
				747AE8F61FD99936001E6A14 /* LSFManager.app */,
				747AE90D1FD99936001E6A14 /* LSFManagerTests.xctest */,
			);
			name = Products;
			sourceTree = "<group>";
		};
		747AE8F81FD99936001E6A14 /* LSFManager */ = {
			isa = PBXGroup;
			children = (
				749D3B6020503A9F0028F041 /* Enums */,
				74EB3CB11FEAB71800129AEE /* Extensions&Helpers */,
				743378CF1FEAB4CA0077DD01 /* Managers */,
				743378C71FEAB24C0077DD01 /* Models */,
				74E5DB992019BB6100A5B769 /* CustomViews */,
				74EB3CB51FEABA5000129AEE /* ViewControllers */,
				747AE8F91FD99936001E6A14 /* AppDelegate.swift */,
				74197DD3202A94020061767F /* Constants.swift */,
				747AE8FD1FD99936001E6A14 /* Main.storyboard */,
				747AE9031FD99936001E6A14 /* Assets.xcassets */,
				747AE9051FD99936001E6A14 /* LaunchScreen.storyboard */,
				747AE9081FD99936001E6A14 /* Info.plist */,
				747AE9001FD99936001E6A14 /* LSFManager.xcdatamodeld */,
			);
			path = LSFManager;
			sourceTree = "<group>";
		};
		747AE9101FD99936001E6A14 /* LSFManagerTests */ = {
			isa = PBXGroup;
			children = (
				74EB3CB61FEABC3B00129AEE /* Managers */,
				747AE9111FD99936001E6A14 /* LSFManagerTests.swift */,
				747AE9131FD99936001E6A14 /* Info.plist */,
			);
			path = LSFManagerTests;
			sourceTree = "<group>";
		};
		749D3B6020503A9F0028F041 /* Enums */ = {
			isa = PBXGroup;
			children = (
				749D3B6120503AB20028F041 /* Enums.swift */,
			);
			path = Enums;
			sourceTree = "<group>";
		};
		74E5DB992019BB6100A5B769 /* CustomViews */ = {
			isa = PBXGroup;
			children = (
				74E5DB9A2019BB7F00A5B769 /* EventCell.xib */,
				74E5DB9C2019BEBB00A5B769 /* EventCell.swift */,
				74197DD5202A9BAD0061767F /* ScheduleOverview.xib */,
				74197DD9202AA4A30061767F /* ScheduleOverview.swift */,
				74197DE8202C87160061767F /* MenuItemCell.xib */,
				74197DEA202C877F0061767F /* MenuItemCell.swift */,
				74197DEE202CFF810061767F /* ProfessorCell.xib */,
				74197DF0202CFF930061767F /* ProfessorCell.swift */,
				740D35C8202DF52F0097981F /* AppointmentCell.xib */,
				740D35CA202DF53D0097981F /* AppointmentCell.swift */,
				749D3B64205323AD0028F041 /* TimedAppointmentCell.xib */,
				749D3B66205323D20028F041 /* TimedAppointmentCell.swift */,
			);
			path = CustomViews;
			sourceTree = "<group>";
		};
		74EB3CB11FEAB71800129AEE /* Extensions&Helpers */ = {
			isa = PBXGroup;
			children = (
				74197DDB202AA6770061767F /* Extensions.swift */,
				749D3B5E204D34680028F041 /* Helpers.swift */,
			);
			path = "Extensions&Helpers";
			sourceTree = "<group>";
		};
		74EB3CB51FEABA5000129AEE /* ViewControllers */ = {
			isa = PBXGroup;
			children = (
				747AE8FB1FD99936001E6A14 /* ViewController.swift */,
				74197DD1202A868D0061767F /* LoginViewController.swift */,
				74197DDD202B027F0061767F /* SearchViewController.swift */,
				74197DDF202B0FC90061767F /* LPAListViewController.swift */,
				74197DE2202C68E60061767F /* MenuTableViewController.swift */,
				74197DE4202C857D0061767F /* QRCodeViewController.swift */,
				74197DEC202CEF340061767F /* SettingsViewController.swift */,
				740D35C4202DD3A30097981F /* EventDetailsViewController.swift */,
				740D35C6202DE6830097981F /* ProfessorDetailsViewController.swift */,
				749D3B6820562F2B0028F041 /* AboutViewController.swift */,
			);
			path = ViewControllers;
			sourceTree = "<group>";
		};
		74EB3CB61FEABC3B00129AEE /* Managers */ = {
			isa = PBXGroup;
			children = (
				74EB3CB71FEABC5900129AEE /* APIManagerTests.swift */,
			);
			path = Managers;
			sourceTree = "<group>";
		};
		80747259DCC58CEC0843DA6A /* Frameworks */ = {
			isa = PBXGroup;
			children = (
				1641217517568BE3FF4C529C /* Pods_LSFManager.framework */,
				E7D32606019FDE23C7B1B387 /* Pods_LSFManagerTests.framework */,
			);
			name = Frameworks;
			sourceTree = "<group>";
		};
		EA8077C7729983165A5AD09E /* Pods */ = {
			isa = PBXGroup;
			children = (
				D2FCB95EBEC0014DD56D2C66 /* Pods-LSFManager.debug.xcconfig */,
				97F77FAA3ECE7763B30B4110 /* Pods-LSFManager.release.xcconfig */,
				1405FF73DCFBB985977C2608 /* Pods-LSFManagerTests.debug.xcconfig */,
				5BD3F7F5AE6CAC703AE6E297 /* Pods-LSFManagerTests.release.xcconfig */,
			);
			name = Pods;
			sourceTree = "<group>";
		};
/* End PBXGroup section */

/* Begin PBXNativeTarget section */
		747AE8F51FD99936001E6A14 /* LSFManager */ = {
			isa = PBXNativeTarget;
			buildConfigurationList = 747AE9161FD99936001E6A14 /* Build configuration list for PBXNativeTarget "LSFManager" */;
			buildPhases = (
				E6B36BCC770C76CA97493E0D /* [CP] Check Pods Manifest.lock */,
				747AE8F21FD99936001E6A14 /* Sources */,
				747AE8F31FD99936001E6A14 /* Frameworks */,
				747AE8F41FD99936001E6A14 /* Resources */,
				9A492325DCC9F6096E5CCF51 /* [CP] Embed Pods Frameworks */,
				FC89FFA694205232B578E07B /* [CP] Copy Pods Resources */,
			);
			buildRules = (
			);
			dependencies = (
			);
			name = LSFManager;
			productName = LSFManager;
			productReference = 747AE8F61FD99936001E6A14 /* LSFManager.app */;
			productType = "com.apple.product-type.application";
		};
		747AE90C1FD99936001E6A14 /* LSFManagerTests */ = {
			isa = PBXNativeTarget;
			buildConfigurationList = 747AE9191FD99936001E6A14 /* Build configuration list for PBXNativeTarget "LSFManagerTests" */;
			buildPhases = (
				D95968983F0825DB4D0CDE49 /* [CP] Check Pods Manifest.lock */,
				747AE9091FD99936001E6A14 /* Sources */,
				747AE90A1FD99936001E6A14 /* Frameworks */,
				747AE90B1FD99936001E6A14 /* Resources */,
				57633E72132FCD67FB515BD5 /* [CP] Embed Pods Frameworks */,
				CF34FFE8AB50F7C0AEBFF651 /* [CP] Copy Pods Resources */,
			);
			buildRules = (
			);
			dependencies = (
				747AE90F1FD99936001E6A14 /* PBXTargetDependency */,
			);
			name = LSFManagerTests;
			productName = LSFManagerTests;
			productReference = 747AE90D1FD99936001E6A14 /* LSFManagerTests.xctest */;
			productType = "com.apple.product-type.bundle.unit-test";
		};
/* End PBXNativeTarget section */

/* Begin PBXProject section */
		747AE8EE1FD99935001E6A14 /* Project object */ = {
			isa = PBXProject;
			attributes = {
				LastSwiftUpdateCheck = 0910;
				LastUpgradeCheck = 0910;
				ORGANIZATIONNAME = danielmontano;
				TargetAttributes = {
					747AE8F51FD99936001E6A14 = {
						CreatedOnToolsVersion = 9.1;
						ProvisioningStyle = Automatic;
					};
					747AE90C1FD99936001E6A14 = {
						CreatedOnToolsVersion = 9.1;
						ProvisioningStyle = Automatic;
						TestTargetID = 747AE8F51FD99936001E6A14;
					};
				};
			};
			buildConfigurationList = 747AE8F11FD99935001E6A14 /* Build configuration list for PBXProject "LSFManager" */;
			compatibilityVersion = "Xcode 8.0";
			developmentRegion = en;
			hasScannedForEncodings = 0;
			knownRegions = (
				en,
				Base,
			);
			mainGroup = 747AE8ED1FD99935001E6A14;
			productRefGroup = 747AE8F71FD99936001E6A14 /* Products */;
			projectDirPath = "";
			projectRoot = "";
			targets = (
				747AE8F51FD99936001E6A14 /* LSFManager */,
				747AE90C1FD99936001E6A14 /* LSFManagerTests */,
			);
		};
/* End PBXProject section */

/* Begin PBXResourcesBuildPhase section */
		747AE8F41FD99936001E6A14 /* Resources */ = {
			isa = PBXResourcesBuildPhase;
			buildActionMask = 2147483647;
			files = (
				74E5DB9B2019BB7F00A5B769 /* EventCell.xib in Resources */,
				74197DE9202C87160061767F /* MenuItemCell.xib in Resources */,
				74197DEF202CFF810061767F /* ProfessorCell.xib in Resources */,
				740D35C9202DF52F0097981F /* AppointmentCell.xib in Resources */,
				747AE9071FD99936001E6A14 /* LaunchScreen.storyboard in Resources */,
				749D3B65205323AE0028F041 /* TimedAppointmentCell.xib in Resources */,
				747AE9041FD99936001E6A14 /* Assets.xcassets in Resources */,
				747AE8FF1FD99936001E6A14 /* Main.storyboard in Resources */,
				74197DD6202A9BAD0061767F /* ScheduleOverview.xib in Resources */,
			);
			runOnlyForDeploymentPostprocessing = 0;
		};
		747AE90B1FD99936001E6A14 /* Resources */ = {
			isa = PBXResourcesBuildPhase;
			buildActionMask = 2147483647;
			files = (
			);
			runOnlyForDeploymentPostprocessing = 0;
		};
/* End PBXResourcesBuildPhase section */

/* Begin PBXShellScriptBuildPhase section */
		57633E72132FCD67FB515BD5 /* [CP] Embed Pods Frameworks */ = {
			isa = PBXShellScriptBuildPhase;
			buildActionMask = 2147483647;
			files = (
			);
			inputPaths = (
			);
			name = "[CP] Embed Pods Frameworks";
			outputPaths = (
			);
			runOnlyForDeploymentPostprocessing = 0;
			shellPath = /bin/sh;
			shellScript = "\"${SRCROOT}/Pods/Target Support Files/Pods-LSFManagerTests/Pods-LSFManagerTests-frameworks.sh\"\n";
			showEnvVarsInLog = 0;
		};
		9A492325DCC9F6096E5CCF51 /* [CP] Embed Pods Frameworks */ = {
			isa = PBXShellScriptBuildPhase;
			buildActionMask = 2147483647;
			files = (
			);
			inputPaths = (
				"${SRCROOT}/Pods/Target Support Files/Pods-LSFManager/Pods-LSFManager-frameworks.sh",
				"${BUILT_PRODUCTS_DIR}/Alamofire/Alamofire.framework",
				"${BUILT_PRODUCTS_DIR}/IQKeyboardManagerSwift/IQKeyboardManagerSwift.framework",
				"${BUILT_PRODUCTS_DIR}/NVActivityIndicatorView/NVActivityIndicatorView.framework",
				"${BUILT_PRODUCTS_DIR}/SideMenu/SideMenu.framework",
				"${BUILT_PRODUCTS_DIR}/SwiftyJSON/SwiftyJSON.framework",
				"${BUILT_PRODUCTS_DIR}/UIEmptyState/UIEmptyState.framework",
			);
			name = "[CP] Embed Pods Frameworks";
			outputPaths = (
				"${TARGET_BUILD_DIR}/${FRAMEWORKS_FOLDER_PATH}/Alamofire.framework",
				"${TARGET_BUILD_DIR}/${FRAMEWORKS_FOLDER_PATH}/IQKeyboardManagerSwift.framework",
				"${TARGET_BUILD_DIR}/${FRAMEWORKS_FOLDER_PATH}/NVActivityIndicatorView.framework",
				"${TARGET_BUILD_DIR}/${FRAMEWORKS_FOLDER_PATH}/SideMenu.framework",
				"${TARGET_BUILD_DIR}/${FRAMEWORKS_FOLDER_PATH}/SwiftyJSON.framework",
				"${TARGET_BUILD_DIR}/${FRAMEWORKS_FOLDER_PATH}/UIEmptyState.framework",
			);
			runOnlyForDeploymentPostprocessing = 0;
			shellPath = /bin/sh;
			shellScript = "\"${SRCROOT}/Pods/Target Support Files/Pods-LSFManager/Pods-LSFManager-frameworks.sh\"\n";
			showEnvVarsInLog = 0;
		};
		CF34FFE8AB50F7C0AEBFF651 /* [CP] Copy Pods Resources */ = {
			isa = PBXShellScriptBuildPhase;
			buildActionMask = 2147483647;
			files = (
			);
			inputPaths = (
			);
			name = "[CP] Copy Pods Resources";
			outputPaths = (
			);
			runOnlyForDeploymentPostprocessing = 0;
			shellPath = /bin/sh;
			shellScript = "\"${SRCROOT}/Pods/Target Support Files/Pods-LSFManagerTests/Pods-LSFManagerTests-resources.sh\"\n";
			showEnvVarsInLog = 0;
		};
		D95968983F0825DB4D0CDE49 /* [CP] Check Pods Manifest.lock */ = {
			isa = PBXShellScriptBuildPhase;
			buildActionMask = 2147483647;
			files = (
			);
			inputPaths = (
				"${PODS_PODFILE_DIR_PATH}/Podfile.lock",
				"${PODS_ROOT}/Manifest.lock",
			);
			name = "[CP] Check Pods Manifest.lock";
			outputPaths = (
				"$(DERIVED_FILE_DIR)/Pods-LSFManagerTests-checkManifestLockResult.txt",
			);
			runOnlyForDeploymentPostprocessing = 0;
			shellPath = /bin/sh;
			shellScript = "diff \"${PODS_PODFILE_DIR_PATH}/Podfile.lock\" \"${PODS_ROOT}/Manifest.lock\" > /dev/null\nif [ $? != 0 ] ; then\n    # print error to STDERR\n    echo \"error: The sandbox is not in sync with the Podfile.lock. Run 'pod install' or update your CocoaPods installation.\" >&2\n    exit 1\nfi\n# This output is used by Xcode 'outputs' to avoid re-running this script phase.\necho \"SUCCESS\" > \"${SCRIPT_OUTPUT_FILE_0}\"\n";
			showEnvVarsInLog = 0;
		};
		E6B36BCC770C76CA97493E0D /* [CP] Check Pods Manifest.lock */ = {
			isa = PBXShellScriptBuildPhase;
			buildActionMask = 2147483647;
			files = (
			);
			inputPaths = (
				"${PODS_PODFILE_DIR_PATH}/Podfile.lock",
				"${PODS_ROOT}/Manifest.lock",
			);
			name = "[CP] Check Pods Manifest.lock";
			outputPaths = (
				"$(DERIVED_FILE_DIR)/Pods-LSFManager-checkManifestLockResult.txt",
			);
			runOnlyForDeploymentPostprocessing = 0;
			shellPath = /bin/sh;
			shellScript = "diff \"${PODS_PODFILE_DIR_PATH}/Podfile.lock\" \"${PODS_ROOT}/Manifest.lock\" > /dev/null\nif [ $? != 0 ] ; then\n    # print error to STDERR\n    echo \"error: The sandbox is not in sync with the Podfile.lock. Run 'pod install' or update your CocoaPods installation.\" >&2\n    exit 1\nfi\n# This output is used by Xcode 'outputs' to avoid re-running this script phase.\necho \"SUCCESS\" > \"${SCRIPT_OUTPUT_FILE_0}\"\n";
			showEnvVarsInLog = 0;
		};
		FC89FFA694205232B578E07B /* [CP] Copy Pods Resources */ = {
			isa = PBXShellScriptBuildPhase;
			buildActionMask = 2147483647;
			files = (
			);
			inputPaths = (
			);
			name = "[CP] Copy Pods Resources";
			outputPaths = (
			);
			runOnlyForDeploymentPostprocessing = 0;
			shellPath = /bin/sh;
			shellScript = "\"${SRCROOT}/Pods/Target Support Files/Pods-LSFManager/Pods-LSFManager-resources.sh\"\n";
			showEnvVarsInLog = 0;
		};
/* End PBXShellScriptBuildPhase section */

/* Begin PBXSourcesBuildPhase section */
		747AE8F21FD99936001E6A14 /* Sources */ = {
			isa = PBXSourcesBuildPhase;
			buildActionMask = 2147483647;
			files = (
				74197DD2202A868D0061767F /* LoginViewController.swift in Sources */,
				74197DE0202B0FC90061767F /* LPAListViewController.swift in Sources */,
				74197DD4202A94020061767F /* Constants.swift in Sources */,
				740D35CB202DF53D0097981F /* AppointmentCell.swift in Sources */,
				74197DE5202C857D0061767F /* QRCodeViewController.swift in Sources */,
				740D35CD2033655B0097981F /* ScheduleInterval.swift in Sources */,
				74197DF1202CFF930061767F /* ProfessorCell.swift in Sources */,
				743378C51FEAB1BD0077DD01 /* APIManager.swift in Sources */,
				74197DE3202C68E60061767F /* MenuTableViewController.swift in Sources */,
				747AE9021FD99936001E6A14 /* LSFManager.xcdatamodeld in Sources */,
				74EB3CB31FEAB80100129AEE /* Event.swift in Sources */,
				74E5DB9D2019BEBB00A5B769 /* EventCell.swift in Sources */,
				740D35C5202DD3A30097981F /* EventDetailsViewController.swift in Sources */,
				743378D11FEAB4E30077DD01 /* SettingsManager.swift in Sources */,
				74197DDC202AA6770061767F /* Extensions.swift in Sources */,
				749D3B67205323D20028F041 /* TimedAppointmentCell.swift in Sources */,
				74197DDA202AA4A30061767F /* ScheduleOverview.swift in Sources */,
				749D3B6220503AB20028F041 /* Enums.swift in Sources */,
				747AE8FC1FD99936001E6A14 /* ViewController.swift in Sources */,
				740D35C7202DE6830097981F /* ProfessorDetailsViewController.swift in Sources */,
				74E5DB9F201A0A1D00A5B769 /* Appointment.swift in Sources */,
				74EB3CBA1FEABD0400129AEE /* CustomError.swift in Sources */,
				747AE8FA1FD99936001E6A14 /* AppDelegate.swift in Sources */,
				74197DEB202C877F0061767F /* MenuItemCell.swift in Sources */,
				74197DED202CEF340061767F /* SettingsViewController.swift in Sources */,
				749D3B5F204D34680028F041 /* Helpers.swift in Sources */,
				749D3B6920562F2B0028F041 /* AboutViewController.swift in Sources */,
				743378C91FEAB2710077DD01 /* User.swift in Sources */,
				74197DDE202B027F0061767F /* SearchViewController.swift in Sources */,
			);
			runOnlyForDeploymentPostprocessing = 0;
		};
		747AE9091FD99936001E6A14 /* Sources */ = {
			isa = PBXSourcesBuildPhase;
			buildActionMask = 2147483647;
			files = (
				74EB3CB81FEABC5900129AEE /* APIManagerTests.swift in Sources */,
				74197DE1202B3E2F0061767F /* Constants.swift in Sources */,
				743378CA1FEAB2710077DD01 /* User.swift in Sources */,
				740D35CE2033BBB10097981F /* ScheduleInterval.swift in Sources */,
				743378D21FEAB4E30077DD01 /* SettingsManager.swift in Sources */,
				743378C61FEAB1BD0077DD01 /* APIManager.swift in Sources */,
				74EB3CBB1FEABD0400129AEE /* CustomError.swift in Sources */,
				74EB3CB41FEAB80300129AEE /* Event.swift in Sources */,
				747AE9121FD99936001E6A14 /* LSFManagerTests.swift in Sources */,
				74E5DBA0201A117700A5B769 /* Appointment.swift in Sources */,
				749D3B6320503B0F0028F041 /* Enums.swift in Sources */,
			);
			runOnlyForDeploymentPostprocessing = 0;
		};
/* End PBXSourcesBuildPhase section */

/* Begin PBXTargetDependency section */
		747AE90F1FD99936001E6A14 /* PBXTargetDependency */ = {
			isa = PBXTargetDependency;
			target = 747AE8F51FD99936001E6A14 /* LSFManager */;
			targetProxy = 747AE90E1FD99936001E6A14 /* PBXContainerItemProxy */;
		};
/* End PBXTargetDependency section */

/* Begin PBXVariantGroup section */
		747AE8FD1FD99936001E6A14 /* Main.storyboard */ = {
			isa = PBXVariantGroup;
			children = (
				747AE8FE1FD99936001E6A14 /* Base */,
			);
			name = Main.storyboard;
			sourceTree = "<group>";
		};
		747AE9051FD99936001E6A14 /* LaunchScreen.storyboard */ = {
			isa = PBXVariantGroup;
			children = (
				747AE9061FD99936001E6A14 /* Base */,
			);
			name = LaunchScreen.storyboard;
			sourceTree = "<group>";
		};
/* End PBXVariantGroup section */

/* Begin XCBuildConfiguration section */
		747AE9141FD99936001E6A14 /* Debug */ = {
			isa = XCBuildConfiguration;
			buildSettings = {
				ALWAYS_SEARCH_USER_PATHS = NO;
				CLANG_ANALYZER_NONNULL = YES;
				CLANG_ANALYZER_NUMBER_OBJECT_CONVERSION = YES_AGGRESSIVE;
				CLANG_CXX_LANGUAGE_STANDARD = "gnu++14";
				CLANG_CXX_LIBRARY = "libc++";
				CLANG_ENABLE_MODULES = YES;
				CLANG_ENABLE_OBJC_ARC = YES;
				CLANG_WARN_BLOCK_CAPTURE_AUTORELEASING = YES;
				CLANG_WARN_BOOL_CONVERSION = YES;
				CLANG_WARN_COMMA = YES;
				CLANG_WARN_CONSTANT_CONVERSION = YES;
				CLANG_WARN_DIRECT_OBJC_ISA_USAGE = YES_ERROR;
				CLANG_WARN_DOCUMENTATION_COMMENTS = YES;
				CLANG_WARN_EMPTY_BODY = YES;
				CLANG_WARN_ENUM_CONVERSION = YES;
				CLANG_WARN_INFINITE_RECURSION = YES;
				CLANG_WARN_INT_CONVERSION = YES;
				CLANG_WARN_NON_LITERAL_NULL_CONVERSION = YES;
				CLANG_WARN_OBJC_LITERAL_CONVERSION = YES;
				CLANG_WARN_OBJC_ROOT_CLASS = YES_ERROR;
				CLANG_WARN_RANGE_LOOP_ANALYSIS = YES;
				CLANG_WARN_STRICT_PROTOTYPES = YES;
				CLANG_WARN_SUSPICIOUS_MOVE = YES;
				CLANG_WARN_UNGUARDED_AVAILABILITY = YES_AGGRESSIVE;
				CLANG_WARN_UNREACHABLE_CODE = YES;
				CLANG_WARN__DUPLICATE_METHOD_MATCH = YES;
				CODE_SIGN_IDENTITY = "iPhone Developer";
				COPY_PHASE_STRIP = NO;
				DEBUG_INFORMATION_FORMAT = dwarf;
				ENABLE_STRICT_OBJC_MSGSEND = YES;
				ENABLE_TESTABILITY = YES;
				GCC_C_LANGUAGE_STANDARD = gnu11;
				GCC_DYNAMIC_NO_PIC = NO;
				GCC_NO_COMMON_BLOCKS = YES;
				GCC_OPTIMIZATION_LEVEL = 0;
				GCC_PREPROCESSOR_DEFINITIONS = (
					"DEBUG=1",
					"$(inherited)",
				);
				GCC_WARN_64_TO_32_BIT_CONVERSION = YES;
				GCC_WARN_ABOUT_RETURN_TYPE = YES_ERROR;
				GCC_WARN_UNDECLARED_SELECTOR = YES;
				GCC_WARN_UNINITIALIZED_AUTOS = YES_AGGRESSIVE;
				GCC_WARN_UNUSED_FUNCTION = YES;
				GCC_WARN_UNUSED_VARIABLE = YES;
				IPHONEOS_DEPLOYMENT_TARGET = 11.1;
				MTL_ENABLE_DEBUG_INFO = YES;
				ONLY_ACTIVE_ARCH = YES;
				SDKROOT = iphoneos;
				SWIFT_ACTIVE_COMPILATION_CONDITIONS = DEBUG;
				SWIFT_OPTIMIZATION_LEVEL = "-Onone";
			};
			name = Debug;
		};
		747AE9151FD99936001E6A14 /* Release */ = {
			isa = XCBuildConfiguration;
			buildSettings = {
				ALWAYS_SEARCH_USER_PATHS = NO;
				CLANG_ANALYZER_NONNULL = YES;
				CLANG_ANALYZER_NUMBER_OBJECT_CONVERSION = YES_AGGRESSIVE;
				CLANG_CXX_LANGUAGE_STANDARD = "gnu++14";
				CLANG_CXX_LIBRARY = "libc++";
				CLANG_ENABLE_MODULES = YES;
				CLANG_ENABLE_OBJC_ARC = YES;
				CLANG_WARN_BLOCK_CAPTURE_AUTORELEASING = YES;
				CLANG_WARN_BOOL_CONVERSION = YES;
				CLANG_WARN_COMMA = YES;
				CLANG_WARN_CONSTANT_CONVERSION = YES;
				CLANG_WARN_DIRECT_OBJC_ISA_USAGE = YES_ERROR;
				CLANG_WARN_DOCUMENTATION_COMMENTS = YES;
				CLANG_WARN_EMPTY_BODY = YES;
				CLANG_WARN_ENUM_CONVERSION = YES;
				CLANG_WARN_INFINITE_RECURSION = YES;
				CLANG_WARN_INT_CONVERSION = YES;
				CLANG_WARN_NON_LITERAL_NULL_CONVERSION = YES;
				CLANG_WARN_OBJC_LITERAL_CONVERSION = YES;
				CLANG_WARN_OBJC_ROOT_CLASS = YES_ERROR;
				CLANG_WARN_RANGE_LOOP_ANALYSIS = YES;
				CLANG_WARN_STRICT_PROTOTYPES = YES;
				CLANG_WARN_SUSPICIOUS_MOVE = YES;
				CLANG_WARN_UNGUARDED_AVAILABILITY = YES_AGGRESSIVE;
				CLANG_WARN_UNREACHABLE_CODE = YES;
				CLANG_WARN__DUPLICATE_METHOD_MATCH = YES;
				CODE_SIGN_IDENTITY = "iPhone Developer";
				COPY_PHASE_STRIP = NO;
				DEBUG_INFORMATION_FORMAT = "dwarf-with-dsym";
				ENABLE_NS_ASSERTIONS = NO;
				ENABLE_STRICT_OBJC_MSGSEND = YES;
				GCC_C_LANGUAGE_STANDARD = gnu11;
				GCC_NO_COMMON_BLOCKS = YES;
				GCC_WARN_64_TO_32_BIT_CONVERSION = YES;
				GCC_WARN_ABOUT_RETURN_TYPE = YES_ERROR;
				GCC_WARN_UNDECLARED_SELECTOR = YES;
				GCC_WARN_UNINITIALIZED_AUTOS = YES_AGGRESSIVE;
				GCC_WARN_UNUSED_FUNCTION = YES;
				GCC_WARN_UNUSED_VARIABLE = YES;
				IPHONEOS_DEPLOYMENT_TARGET = 11.1;
				MTL_ENABLE_DEBUG_INFO = NO;
				SDKROOT = iphoneos;
				SWIFT_OPTIMIZATION_LEVEL = "-Owholemodule";
				VALIDATE_PRODUCT = YES;
			};
			name = Release;
		};
		747AE9171FD99936001E6A14 /* Debug */ = {
			isa = XCBuildConfiguration;
			baseConfigurationReference = D2FCB95EBEC0014DD56D2C66 /* Pods-LSFManager.debug.xcconfig */;
			buildSettings = {
				ASSETCATALOG_COMPILER_APPICON_NAME = AppIcon;
				CODE_SIGN_STYLE = Automatic;
				DEVELOPMENT_TEAM = LVQ75DG6FL;
				INFOPLIST_FILE = LSFManager/Info.plist;
				LD_RUNPATH_SEARCH_PATHS = "$(inherited) @executable_path/Frameworks";
				PRODUCT_BUNDLE_IDENTIFIER = com.danielmontano.LSFManager;
				PRODUCT_NAME = "$(TARGET_NAME)";
				SWIFT_VERSION = 4.0;
				TARGETED_DEVICE_FAMILY = 1;
			};
			name = Debug;
		};
		747AE9181FD99936001E6A14 /* Release */ = {
			isa = XCBuildConfiguration;
			baseConfigurationReference = 97F77FAA3ECE7763B30B4110 /* Pods-LSFManager.release.xcconfig */;
			buildSettings = {
				ASSETCATALOG_COMPILER_APPICON_NAME = AppIcon;
				CODE_SIGN_STYLE = Automatic;
				DEVELOPMENT_TEAM = LVQ75DG6FL;
				INFOPLIST_FILE = LSFManager/Info.plist;
				LD_RUNPATH_SEARCH_PATHS = "$(inherited) @executable_path/Frameworks";
				PRODUCT_BUNDLE_IDENTIFIER = com.danielmontano.LSFManager;
				PRODUCT_NAME = "$(TARGET_NAME)";
				SWIFT_VERSION = 4.0;
				TARGETED_DEVICE_FAMILY = 1;
			};
			name = Release;
		};
		747AE91A1FD99936001E6A14 /* Debug */ = {
			isa = XCBuildConfiguration;
			baseConfigurationReference = 1405FF73DCFBB985977C2608 /* Pods-LSFManagerTests.debug.xcconfig */;
			buildSettings = {
				ALWAYS_EMBED_SWIFT_STANDARD_LIBRARIES = YES;
				BUNDLE_LOADER = "$(TEST_HOST)";
				CODE_SIGN_STYLE = Automatic;
				DEVELOPMENT_TEAM = LVQ75DG6FL;
				INFOPLIST_FILE = LSFManagerTests/Info.plist;
				LD_RUNPATH_SEARCH_PATHS = "$(inherited) @executable_path/Frameworks @loader_path/Frameworks";
				PRODUCT_BUNDLE_IDENTIFIER = com.danielmontano.LSFManagerTests;
				PRODUCT_NAME = "$(TARGET_NAME)";
				SWIFT_VERSION = 4.0;
				TARGETED_DEVICE_FAMILY = "1,2";
				TEST_HOST = "$(BUILT_PRODUCTS_DIR)/LSFManager.app/LSFManager";
			};
			name = Debug;
		};
		747AE91B1FD99936001E6A14 /* Release */ = {
			isa = XCBuildConfiguration;
			baseConfigurationReference = 5BD3F7F5AE6CAC703AE6E297 /* Pods-LSFManagerTests.release.xcconfig */;
			buildSettings = {
				ALWAYS_EMBED_SWIFT_STANDARD_LIBRARIES = YES;
				BUNDLE_LOADER = "$(TEST_HOST)";
				CODE_SIGN_STYLE = Automatic;
				DEVELOPMENT_TEAM = LVQ75DG6FL;
				INFOPLIST_FILE = LSFManagerTests/Info.plist;
				LD_RUNPATH_SEARCH_PATHS = "$(inherited) @executable_path/Frameworks @loader_path/Frameworks";
				PRODUCT_BUNDLE_IDENTIFIER = com.danielmontano.LSFManagerTests;
				PRODUCT_NAME = "$(TARGET_NAME)";
				SWIFT_VERSION = 4.0;
				TARGETED_DEVICE_FAMILY = "1,2";
				TEST_HOST = "$(BUILT_PRODUCTS_DIR)/LSFManager.app/LSFManager";
			};
			name = Release;
		};
/* End XCBuildConfiguration section */

/* Begin XCConfigurationList section */
		747AE8F11FD99935001E6A14 /* Build configuration list for PBXProject "LSFManager" */ = {
			isa = XCConfigurationList;
			buildConfigurations = (
				747AE9141FD99936001E6A14 /* Debug */,
				747AE9151FD99936001E6A14 /* Release */,
			);
			defaultConfigurationIsVisible = 0;
			defaultConfigurationName = Release;
		};
		747AE9161FD99936001E6A14 /* Build configuration list for PBXNativeTarget "LSFManager" */ = {
			isa = XCConfigurationList;
			buildConfigurations = (
				747AE9171FD99936001E6A14 /* Debug */,
				747AE9181FD99936001E6A14 /* Release */,
			);
			defaultConfigurationIsVisible = 0;
			defaultConfigurationName = Release;
		};
		747AE9191FD99936001E6A14 /* Build configuration list for PBXNativeTarget "LSFManagerTests" */ = {
			isa = XCConfigurationList;
			buildConfigurations = (
				747AE91A1FD99936001E6A14 /* Debug */,
				747AE91B1FD99936001E6A14 /* Release */,
			);
			defaultConfigurationIsVisible = 0;
			defaultConfigurationName = Release;
		};
/* End XCConfigurationList section */

/* Begin XCVersionGroup section */
		747AE9001FD99936001E6A14 /* LSFManager.xcdatamodeld */ = {
			isa = XCVersionGroup;
			children = (
				747AE9011FD99936001E6A14 /* LSFManager.xcdatamodel */,
			);
			currentVersion = 747AE9011FD99936001E6A14 /* LSFManager.xcdatamodel */;
			path = LSFManager.xcdatamodeld;
			sourceTree = "<group>";
			versionGroupType = wrapper.xcdatamodel;
		};
/* End XCVersionGroup section */
	};
	rootObject = 747AE8EE1FD99935001E6A14 /* Project object */;
}
